// !$*UTF8*$!
{
	archiveVersion = 1;
	classes = {
	};
	objectVersion = 50;
	objects = {

/* Begin PBXBuildFile section */
		EF645EBA23E72CB6003D64DC /* AppDelegate.swift in Sources */ = {isa = PBXBuildFile; fileRef = EF645EB923E72CB6003D64DC /* AppDelegate.swift */; };
		EF645EBC23E72CB6003D64DC /* SceneDelegate.swift in Sources */ = {isa = PBXBuildFile; fileRef = EF645EBB23E72CB6003D64DC /* SceneDelegate.swift */; };
		EF645EBE23E72CB6003D64DC /* ViewController.swift in Sources */ = {isa = PBXBuildFile; fileRef = EF645EBD23E72CB6003D64DC /* ViewController.swift */; };
		EF645EC123E72CB6003D64DC /* Main.storyboard in Resources */ = {isa = PBXBuildFile; fileRef = EF645EBF23E72CB6003D64DC /* Main.storyboard */; };
		EF645EC323E72CB8003D64DC /* Assets.xcassets in Resources */ = {isa = PBXBuildFile; fileRef = EF645EC223E72CB8003D64DC /* Assets.xcassets */; };
		EF645EC623E72CB8003D64DC /* LaunchScreen.storyboard in Resources */ = {isa = PBXBuildFile; fileRef = EF645EC423E72CB8003D64DC /* LaunchScreen.storyboard */; };
		EF645ECE23E7782E003D64DC /* Dictionaries.swift in Sources */ = {isa = PBXBuildFile; fileRef = EF645ECD23E7782E003D64DC /* Dictionaries.swift */; };
		EF6EE83123EF448300650A77 /* DictionaryDowloader.swift in Sources */ = {isa = PBXBuildFile; fileRef = EF6EE83023EF448300650A77 /* DictionaryDowloader.swift */; };
		EF925315241D1B5400F1DF35 /* TextFiles.txt in Resources */ = {isa = PBXBuildFile; fileRef = EF925314241D1B5400F1DF35 /* TextFiles.txt */; };
/* End PBXBuildFile section */

/* Begin PBXFileReference section */
		EF645EB623E72CB6003D64DC /* uipicker.app */ = {isa = PBXFileReference; explicitFileType = wrapper.application; includeInIndex = 0; path = uipicker.app; sourceTree = BUILT_PRODUCTS_DIR; };
		EF645EB923E72CB6003D64DC /* AppDelegate.swift */ = {isa = PBXFileReference; lastKnownFileType = sourcecode.swift; path = AppDelegate.swift; sourceTree = "<group>"; };
		EF645EBB23E72CB6003D64DC /* SceneDelegate.swift */ = {isa = PBXFileReference; lastKnownFileType = sourcecode.swift; path = SceneDelegate.swift; sourceTree = "<group>"; };
		EF645EBD23E72CB6003D64DC /* ViewController.swift */ = {isa = PBXFileReference; lastKnownFileType = sourcecode.swift; path = ViewController.swift; sourceTree = "<group>"; };
		EF645EC023E72CB6003D64DC /* Base */ = {isa = PBXFileReference; lastKnownFileType = file.storyboard; name = Base; path = Base.lproj/Main.storyboard; sourceTree = "<group>"; };
		EF645EC223E72CB8003D64DC /* Assets.xcassets */ = {isa = PBXFileReference; lastKnownFileType = folder.assetcatalog; path = Assets.xcassets; sourceTree = "<group>"; };
		EF645EC523E72CB8003D64DC /* Base */ = {isa = PBXFileReference; lastKnownFileType = file.storyboard; name = Base; path = Base.lproj/LaunchScreen.storyboard; sourceTree = "<group>"; };
		EF645EC723E72CB8003D64DC /* Info.plist */ = {isa = PBXFileReference; lastKnownFileType = text.plist.xml; path = Info.plist; sourceTree = "<group>"; };
		EF645ECD23E7782E003D64DC /* Dictionaries.swift */ = {isa = PBXFileReference; lastKnownFileType = sourcecode.swift; path = Dictionaries.swift; sourceTree = "<group>"; };
		EF6EE83023EF448300650A77 /* DictionaryDowloader.swift */ = {isa = PBXFileReference; lastKnownFileType = sourcecode.swift; path = DictionaryDowloader.swift; sourceTree = "<group>"; };
		EF925314241D1B5400F1DF35 /* TextFiles.txt */ = {isa = PBXFileReference; fileEncoding = 4; lastKnownFileType = text; path = TextFiles.txt; sourceTree = "<group>"; };
/* End PBXFileReference section */

/* Begin PBXFrameworksBuildPhase section */
		EF645EB323E72CB6003D64DC /* Frameworks */ = {
			isa = PBXFrameworksBuildPhase;
			buildActionMask = 2147483647;
			files = (
			);
			runOnlyForDeploymentPostprocessing = 0;
		};
/* End PBXFrameworksBuildPhase section */

/* Begin PBXGroup section */
		EF645EAD23E72CB6003D64DC = {
			isa = PBXGroup;
			children = (
				EF645EB823E72CB6003D64DC /* uipicker */,
				EF645EB723E72CB6003D64DC /* Products */,
			);
			sourceTree = "<group>";
		};
		EF645EB723E72CB6003D64DC /* Products */ = {
			isa = PBXGroup;
			children = (
				EF645EB623E72CB6003D64DC /* uipicker.app */,
			);
			name = Products;
			sourceTree = "<group>";
		};
		EF645EB823E72CB6003D64DC /* uipicker */ = {
			isa = PBXGroup;
			children = (
				EF645EB923E72CB6003D64DC /* AppDelegate.swift */,
				EF645EBB23E72CB6003D64DC /* SceneDelegate.swift */,
				EF645EBD23E72CB6003D64DC /* ViewController.swift */,
				EF6EE83023EF448300650A77 /* DictionaryDowloader.swift */,
				EF645ECD23E7782E003D64DC /* Dictionaries.swift */,
				EF925314241D1B5400F1DF35 /* TextFiles.txt */,
				EF645EBF23E72CB6003D64DC /* Main.storyboard */,
				EF645EC223E72CB8003D64DC /* Assets.xcassets */,
				EF645EC423E72CB8003D64DC /* LaunchScreen.storyboard */,
				EF645EC723E72CB8003D64DC /* Info.plist */,
			);
			path = uipicker;
			sourceTree = "<group>";
		};
/* End PBXGroup section */

/* Begin PBXNativeTarget section */
		EF645EB523E72CB6003D64DC /* uipicker */ = {
			isa = PBXNativeTarget;
			buildConfigurationList = EF645ECA23E72CB8003D64DC /* Build configuration list for PBXNativeTarget "uipicker" */;
			buildPhases = (
				EF645EB223E72CB6003D64DC /* Sources */,
				EF645EB323E72CB6003D64DC /* Frameworks */,
				EF645EB423E72CB6003D64DC /* Resources */,
			);
			buildRules = (
			);
			dependencies = (
			);
			name = uipicker;
			productName = uipicker;
			productReference = EF645EB623E72CB6003D64DC /* uipicker.app */;
			productType = "com.apple.product-type.application";
		};
/* End PBXNativeTarget section */

/* Begin PBXProject section */
		EF645EAE23E72CB6003D64DC /* Project object */ = {
			isa = PBXProject;
			attributes = {
				LastSwiftUpdateCheck = 1130;
				LastUpgradeCheck = 1130;
				ORGANIZATIONNAME = "Jakub Opała";
				TargetAttributes = {
					EF645EB523E72CB6003D64DC = {
						CreatedOnToolsVersion = 11.3.1;
					};
				};
			};
			buildConfigurationList = EF645EB123E72CB6003D64DC /* Build configuration list for PBXProject "uipicker" */;
			compatibilityVersion = "Xcode 9.3";
			developmentRegion = en;
			hasScannedForEncodings = 0;
			knownRegions = (
				en,
				Base,
			);
			mainGroup = EF645EAD23E72CB6003D64DC;
			productRefGroup = EF645EB723E72CB6003D64DC /* Products */;
			projectDirPath = "";
			projectRoot = "";
			targets = (
				EF645EB523E72CB6003D64DC /* uipicker */,
			);
		};
/* End PBXProject section */

/* Begin PBXResourcesBuildPhase section */
		EF645EB423E72CB6003D64DC /* Resources */ = {
			isa = PBXResourcesBuildPhase;
			buildActionMask = 2147483647;
			files = (
				EF645EC623E72CB8003D64DC /* LaunchScreen.storyboard in Resources */,
				EF645EC323E72CB8003D64DC /* Assets.xcassets in Resources */,
				EF645EC123E72CB6003D64DC /* Main.storyboard in Resources */,
				EF925315241D1B5400F1DF35 /* TextFiles.txt in Resources */,
			);
			runOnlyForDeploymentPostprocessing = 0;
		};
/* End PBXResourcesBuildPhase section */

/* Begin PBXSourcesBuildPhase section */
		EF645EB223E72CB6003D64DC /* Sources */ = {
			isa = PBXSourcesBuildPhase;
			buildActionMask = 2147483647;
			files = (
				EF645EBE23E72CB6003D64DC /* ViewController.swift in Sources */,
				EF645EBA23E72CB6003D64DC /* AppDelegate.swift in Sources */,
				EF645EBC23E72CB6003D64DC /* SceneDelegate.swift in Sources */,
				EF6EE83123EF448300650A77 /* DictionaryDowloader.swift in Sources */,
				EF645ECE23E7782E003D64DC /* Dictionaries.swift in Sources */,
			);
			runOnlyForDeploymentPostprocessing = 0;
		};
/* End PBXSourcesBuildPhase section */

/* Begin PBXVariantGroup section */
		EF645EBF23E72CB6003D64DC /* Main.storyboard */ = {
			isa = PBXVariantGroup;
			children = (
				EF645EC023E72CB6003D64DC /* Base */,
			);
			name = Main.storyboard;
			sourceTree = "<group>";
		};
		EF645EC423E72CB8003D64DC /* LaunchScreen.storyboard */ = {
			isa = PBXVariantGroup;
			children = (
				EF645EC523E72CB8003D64DC /* Base */,
			);
			name = LaunchScreen.storyboard;
			sourceTree = "<group>";
		};
/* End PBXVariantGroup section */

/* Begin XCBuildConfiguration section */
		EF645EC823E72CB8003D64DC /* Debug */ = {
			isa = XCBuildConfiguration;
			buildSettings = {
				ALWAYS_SEARCH_USER_PATHS = NO;
				CLANG_ANALYZER_NONNULL = YES;
				CLANG_ANALYZER_NUMBER_OBJECT_CONVERSION = YES_AGGRESSIVE;
				CLANG_CXX_LANGUAGE_STANDARD = "gnu++14";
				CLANG_CXX_LIBRARY = "libc++";
				CLANG_ENABLE_MODULES = YES;
				CLANG_ENABLE_OBJC_ARC = YES;
				CLANG_ENABLE_OBJC_WEAK = YES;
				CLANG_WARN_BLOCK_CAPTURE_AUTORELEASING = YES;
				CLANG_WARN_BOOL_CONVERSION = YES;
				CLANG_WARN_COMMA = YES;
				CLANG_WARN_CONSTANT_CONVERSION = YES;
				CLANG_WARN_DEPRECATED_OBJC_IMPLEMENTATIONS = YES;
				CLANG_WARN_DIRECT_OBJC_ISA_USAGE = YES_ERROR;
				CLANG_WARN_DOCUMENTATION_COMMENTS = YES;
				CLANG_WARN_EMPTY_BODY = YES;
				CLANG_WARN_ENUM_CONVERSION = YES;
				CLANG_WARN_INFINITE_RECURSION = YES;
				CLANG_WARN_INT_CONVERSION = YES;
				CLANG_WARN_NON_LITERAL_NULL_CONVERSION = YES;
				CLANG_WARN_OBJC_IMPLICIT_RETAIN_SELF = YES;
				CLANG_WARN_OBJC_LITERAL_CONVERSION = YES;
				CLANG_WARN_OBJC_ROOT_CLASS = YES_ERROR;
				CLANG_WARN_RANGE_LOOP_ANALYSIS = YES;
				CLANG_WARN_STRICT_PROTOTYPES = YES;
				CLANG_WARN_SUSPICIOUS_MOVE = YES;
				CLANG_WARN_UNGUARDED_AVAILABILITY = YES_AGGRESSIVE;
				CLANG_WARN_UNREACHABLE_CODE = YES;
				CLANG_WARN__DUPLICATE_METHOD_MATCH = YES;
				COPY_PHASE_STRIP = NO;
				DEBUG_INFORMATION_FORMAT = dwarf;
				ENABLE_STRICT_OBJC_MSGSEND = YES;
				ENABLE_TESTABILITY = YES;
				GCC_C_LANGUAGE_STANDARD = gnu11;
				GCC_DYNAMIC_NO_PIC = NO;
				GCC_NO_COMMON_BLOCKS = YES;
				GCC_OPTIMIZATION_LEVEL = 0;
				GCC_PREPROCESSOR_DEFINITIONS = (
					"DEBUG=1",
					"$(inherited)",
				);
				GCC_WARN_64_TO_32_BIT_CONVERSION = YES;
				GCC_WARN_ABOUT_RETURN_TYPE = YES_ERROR;
				GCC_WARN_UNDECLARED_SELECTOR = YES;
				GCC_WARN_UNINITIALIZED_AUTOS = YES_AGGRESSIVE;
				GCC_WARN_UNUSED_FUNCTION = YES;
				GCC_WARN_UNUSED_VARIABLE = YES;
				IPHONEOS_DEPLOYMENT_TARGET = 13.2;
				MTL_ENABLE_DEBUG_INFO = INCLUDE_SOURCE;
				MTL_FAST_MATH = YES;
				ONLY_ACTIVE_ARCH = YES;
				SDKROOT = iphoneos;
				SWIFT_ACTIVE_COMPILATION_CONDITIONS = DEBUG;
				SWIFT_OPTIMIZATION_LEVEL = "-Onone";
			};
			name = Debug;
		};
		EF645EC923E72CB8003D64DC /* Release */ = {
			isa = XCBuildConfiguration;
			buildSettings = {
				ALWAYS_SEARCH_USER_PATHS = NO;
				CLANG_ANALYZER_NONNULL = YES;
				CLANG_ANALYZER_NUMBER_OBJECT_CONVERSION = YES_AGGRESSIVE;
				CLANG_CXX_LANGUAGE_STANDARD = "gnu++14";
				CLANG_CXX_LIBRARY = "libc++";
				CLANG_ENABLE_MODULES = YES;
				CLANG_ENABLE_OBJC_ARC = YES;
				CLANG_ENABLE_OBJC_WEAK = YES;
				CLANG_WARN_BLOCK_CAPTURE_AUTORELEASING = YES;
				CLANG_WARN_BOOL_CONVERSION = YES;
				CLANG_WARN_COMMA = YES;
				CLANG_WARN_CONSTANT_CONVERSION = YES;
				CLANG_WARN_DEPRECATED_OBJC_IMPLEMENTATIONS = YES;
				CLANG_WARN_DIRECT_OBJC_ISA_USAGE = YES_ERROR;
				CLANG_WARN_DOCUMENTATION_COMMENTS = YES;
				CLANG_WARN_EMPTY_BODY = YES;
				CLANG_WARN_ENUM_CONVERSION = YES;
				CLANG_WARN_INFINITE_RECURSION = YES;
				CLANG_WARN_INT_CONVERSION = YES;
				CLANG_WARN_NON_LITERAL_NULL_CONVERSION = YES;
				CLANG_WARN_OBJC_IMPLICIT_RETAIN_SELF = YES;
				CLANG_WARN_OBJC_LITERAL_CONVERSION = YES;
				CLANG_WARN_OBJC_ROOT_CLASS = YES_ERROR;
				CLANG_WARN_RANGE_LOOP_ANALYSIS = YES;
				CLANG_WARN_STRICT_PROTOTYPES = YES;
				CLANG_WARN_SUSPICIOUS_MOVE = YES;
				CLANG_WARN_UNGUARDED_AVAILABILITY = YES_AGGRESSIVE;
				CLANG_WARN_UNREACHABLE_CODE = YES;
				CLANG_WARN__DUPLICATE_METHOD_MATCH = YES;
				COPY_PHASE_STRIP = NO;
				DEBUG_INFORMATION_FORMAT = "dwarf-with-dsym";
				ENABLE_NS_ASSERTIONS = NO;
				ENABLE_STRICT_OBJC_MSGSEND = YES;
				GCC_C_LANGUAGE_STANDARD = gnu11;
				GCC_NO_COMMON_BLOCKS = YES;
				GCC_WARN_64_TO_32_BIT_CONVERSION = YES;
				GCC_WARN_ABOUT_RETURN_TYPE = YES_ERROR;
				GCC_WARN_UNDECLARED_SELECTOR = YES;
				GCC_WARN_UNINITIALIZED_AUTOS = YES_AGGRESSIVE;
				GCC_WARN_UNUSED_FUNCTION = YES;
				GCC_WARN_UNUSED_VARIABLE = YES;
				IPHONEOS_DEPLOYMENT_TARGET = 13.2;
				MTL_ENABLE_DEBUG_INFO = NO;
				MTL_FAST_MATH = YES;
				SDKROOT = iphoneos;
				SWIFT_COMPILATION_MODE = wholemodule;
				SWIFT_OPTIMIZATION_LEVEL = "-O";
				VALIDATE_PRODUCT = YES;
			};
			name = Release;
		};
		EF645ECB23E72CB8003D64DC /* Debug */ = {
			isa = XCBuildConfiguration;
			buildSettings = {
				ASSETCATALOG_COMPILER_APPICON_NAME = AppIcon;
				CODE_SIGN_STYLE = Automatic;
				DEVELOPMENT_TEAM = 35PC2LS4QK;
				INFOPLIST_FILE = uipicker/Info.plist;
				LD_RUNPATH_SEARCH_PATHS = (
					"$(inherited)",
					"@executable_path/Frameworks",
				);
				PRODUCT_BUNDLE_IDENTIFIER = com.qbkiot.uipicker;
				PRODUCT_NAME = "$(TARGET_NAME)";
				SWIFT_VERSION = 5.0;
				TARGETED_DEVICE_FAMILY = "1,2";
			};
			name = Debug;
		};
		EF645ECC23E72CB8003D64DC /* Release */ = {
			isa = XCBuildConfiguration;
			buildSettings = {
				ASSETCATALOG_COMPILER_APPICON_NAME = AppIcon;
				CODE_SIGN_STYLE = Automatic;
				DEVELOPMENT_TEAM = 35PC2LS4QK;
				INFOPLIST_FILE = uipicker/Info.plist;
				LD_RUNPATH_SEARCH_PATHS = (
					"$(inherited)",
					"@executable_path/Frameworks",
				);
				PRODUCT_BUNDLE_IDENTIFIER = com.qbkiot.uipicker;
				PRODUCT_NAME = "$(TARGET_NAME)";
				SWIFT_VERSION = 5.0;
				TARGETED_DEVICE_FAMILY = "1,2";
			};
			name = Release;
		};
/* End XCBuildConfiguration section */

/* Begin XCConfigurationList section */
		EF645EB123E72CB6003D64DC /* Build configuration list for PBXProject "uipicker" */ = {
			isa = XCConfigurationList;
			buildConfigurations = (
				EF645EC823E72CB8003D64DC /* Debug */,
				EF645EC923E72CB8003D64DC /* Release */,
			);
			defaultConfigurationIsVisible = 0;
			defaultConfigurationName = Release;
		};
		EF645ECA23E72CB8003D64DC /* Build configuration list for PBXNativeTarget "uipicker" */ = {
			isa = XCConfigurationList;
			buildConfigurations = (
				EF645ECB23E72CB8003D64DC /* Debug */,
				EF645ECC23E72CB8003D64DC /* Release */,
			);
			defaultConfigurationIsVisible = 0;
			defaultConfigurationName = Release;
		};
/* End XCConfigurationList section */
	};
	rootObject = EF645EAE23E72CB6003D64DC /* Project object */;
}
